// !$*UTF8*$!
{
	archiveVersion = 1;
	classes = {
	};
	objectVersion = 51;
	objects = {

/* Begin PBXBuildFile section */
		C112E37E23B577C4004D8724 /* AppDelegate.swift in Sources */ = {isa = PBXBuildFile; fileRef = C112E37D23B577C4004D8724 /* AppDelegate.swift */; };
		C112E38023B577C4004D8724 /* SceneDelegate.swift in Sources */ = {isa = PBXBuildFile; fileRef = C112E37F23B577C4004D8724 /* SceneDelegate.swift */; };
		C112E38223B577C4004D8724 /* BillAmountViewController.swift in Sources */ = {isa = PBXBuildFile; fileRef = C112E38123B577C4004D8724 /* BillAmountViewController.swift */; };
		C112E38523B577C4004D8724 /* Main.storyboard in Resources */ = {isa = PBXBuildFile; fileRef = C112E38323B577C4004D8724 /* Main.storyboard */; };
		C112E38823B577C4004D8724 /* lande1.xcdatamodeld in Sources */ = {isa = PBXBuildFile; fileRef = C112E38623B577C4004D8724 /* lande1.xcdatamodeld */; };
		C112E38A23B577C6004D8724 /* Assets.xcassets in Resources */ = {isa = PBXBuildFile; fileRef = C112E38923B577C6004D8724 /* Assets.xcassets */; };
		C112E38D23B577C6004D8724 /* LaunchScreen.storyboard in Resources */ = {isa = PBXBuildFile; fileRef = C112E38B23B577C6004D8724 /* LaunchScreen.storyboard */; };
		C1E6158623B6B89400B58CA4 /* AddContactsBillViewController.swift in Sources */ = {isa = PBXBuildFile; fileRef = C1E6158523B6B89400B58CA4 /* AddContactsBillViewController.swift */; };
		ED1FF49B23B6B4E2001B3AF0 /* BillContactsViewController.swift in Sources */ = {isa = PBXBuildFile; fileRef = ED1FF49A23B6B4E2001B3AF0 /* BillContactsViewController.swift */; };
		ED1FF49D23B6B54C001B3AF0 /* ContactsViewController.swift in Sources */ = {isa = PBXBuildFile; fileRef = ED1FF49C23B6B54C001B3AF0 /* ContactsViewController.swift */; };
		ED1FF49F23B6B580001B3AF0 /* AddUserViewController.swift in Sources */ = {isa = PBXBuildFile; fileRef = ED1FF49E23B6B580001B3AF0 /* AddUserViewController.swift */; };
		ED1FF4A923B6F815001B3AF0 /* ExternalAccessory.framework in Frameworks */ = {isa = PBXBuildFile; fileRef = ED1FF4A823B6F815001B3AF0 /* ExternalAccessory.framework */; };
		ED1FF4AB23B6FCA0001B3AF0 /* GoogleService-Info.plist in Resources */ = {isa = PBXBuildFile; fileRef = ED1FF4AA23B6FCA0001B3AF0 /* GoogleService-Info.plist */; };
		EDA8B66823B7E1800071B291 /* Contact.swift in Sources */ = {isa = PBXBuildFile; fileRef = EDA8B66723B7E1800071B291 /* Contact.swift */; };
		FE8086D8246A5BEFDFE92947 /* Pods_lande1.framework in Frameworks */ = {isa = PBXBuildFile; fileRef = 88082BB9A18B5DAD3F42BEF2 /* Pods_lande1.framework */; };
/* End PBXBuildFile section */

/* Begin PBXFileReference section */
		88082BB9A18B5DAD3F42BEF2 /* Pods_lande1.framework */ = {isa = PBXFileReference; explicitFileType = wrapper.framework; includeInIndex = 0; path = Pods_lande1.framework; sourceTree = BUILT_PRODUCTS_DIR; };
		A4975543FC19646F79B86019 /* Pods-lande1.release.xcconfig */ = {isa = PBXFileReference; includeInIndex = 1; lastKnownFileType = text.xcconfig; name = "Pods-lande1.release.xcconfig"; path = "Target Support Files/Pods-lande1/Pods-lande1.release.xcconfig"; sourceTree = "<group>"; };
		AB2304C0BB5EA05164F15A0F /* Pods-lande1.debug.xcconfig */ = {isa = PBXFileReference; includeInIndex = 1; lastKnownFileType = text.xcconfig; name = "Pods-lande1.debug.xcconfig"; path = "Target Support Files/Pods-lande1/Pods-lande1.debug.xcconfig"; sourceTree = "<group>"; };
		C112E37A23B577C4004D8724 /* lande1.app */ = {isa = PBXFileReference; explicitFileType = wrapper.application; includeInIndex = 0; path = lande1.app; sourceTree = BUILT_PRODUCTS_DIR; };
		C112E37D23B577C4004D8724 /* AppDelegate.swift */ = {isa = PBXFileReference; lastKnownFileType = sourcecode.swift; path = AppDelegate.swift; sourceTree = "<group>"; };
		C112E37F23B577C4004D8724 /* SceneDelegate.swift */ = {isa = PBXFileReference; lastKnownFileType = sourcecode.swift; path = SceneDelegate.swift; sourceTree = "<group>"; };
		C112E38123B577C4004D8724 /* BillAmountViewController.swift */ = {isa = PBXFileReference; lastKnownFileType = sourcecode.swift; path = BillAmountViewController.swift; sourceTree = "<group>"; };
		C112E38423B577C4004D8724 /* Base */ = {isa = PBXFileReference; lastKnownFileType = file.storyboard; name = Base; path = Base.lproj/Main.storyboard; sourceTree = "<group>"; };
		C112E38723B577C4004D8724 /* lande1.xcdatamodel */ = {isa = PBXFileReference; lastKnownFileType = wrapper.xcdatamodel; path = lande1.xcdatamodel; sourceTree = "<group>"; };
		C112E38923B577C6004D8724 /* Assets.xcassets */ = {isa = PBXFileReference; lastKnownFileType = folder.assetcatalog; path = Assets.xcassets; sourceTree = "<group>"; };
		C112E38C23B577C6004D8724 /* Base */ = {isa = PBXFileReference; lastKnownFileType = file.storyboard; name = Base; path = Base.lproj/LaunchScreen.storyboard; sourceTree = "<group>"; };
		C112E38E23B577C6004D8724 /* Info.plist */ = {isa = PBXFileReference; lastKnownFileType = text.plist.xml; path = Info.plist; sourceTree = "<group>"; };
		C1E6158523B6B89400B58CA4 /* AddContactsBillViewController.swift */ = {isa = PBXFileReference; lastKnownFileType = sourcecode.swift; path = AddContactsBillViewController.swift; sourceTree = "<group>"; };
		ED1FF49A23B6B4E2001B3AF0 /* BillContactsViewController.swift */ = {isa = PBXFileReference; lastKnownFileType = sourcecode.swift; path = BillContactsViewController.swift; sourceTree = "<group>"; };
		ED1FF49C23B6B54C001B3AF0 /* ContactsViewController.swift */ = {isa = PBXFileReference; lastKnownFileType = sourcecode.swift; path = ContactsViewController.swift; sourceTree = "<group>"; };
		ED1FF49E23B6B580001B3AF0 /* AddUserViewController.swift */ = {isa = PBXFileReference; lastKnownFileType = sourcecode.swift; path = AddUserViewController.swift; sourceTree = "<group>"; };
		ED1FF4A623B6F7FC001B3AF0 /* lande1.entitlements */ = {isa = PBXFileReference; lastKnownFileType = text.plist.entitlements; path = lande1.entitlements; sourceTree = "<group>"; };
		ED1FF4A823B6F815001B3AF0 /* ExternalAccessory.framework */ = {isa = PBXFileReference; lastKnownFileType = wrapper.framework; name = ExternalAccessory.framework; path = System/Library/Frameworks/ExternalAccessory.framework; sourceTree = SDKROOT; };
		ED1FF4AA23B6FCA0001B3AF0 /* GoogleService-Info.plist */ = {isa = PBXFileReference; fileEncoding = 4; lastKnownFileType = text.plist.xml; path = "GoogleService-Info.plist"; sourceTree = "<group>"; };
		EDA8B66723B7E1800071B291 /* Contact.swift */ = {isa = PBXFileReference; lastKnownFileType = sourcecode.swift; path = Contact.swift; sourceTree = "<group>"; };
/* End PBXFileReference section */

/* Begin PBXFrameworksBuildPhase section */
		C112E37723B577C4004D8724 /* Frameworks */ = {
			isa = PBXFrameworksBuildPhase;
			buildActionMask = 2147483647;
			files = (
				ED1FF4A923B6F815001B3AF0 /* ExternalAccessory.framework in Frameworks */,
				FE8086D8246A5BEFDFE92947 /* Pods_lande1.framework in Frameworks */,
			);
			runOnlyForDeploymentPostprocessing = 0;
		};
/* End PBXFrameworksBuildPhase section */

/* Begin PBXGroup section */
		23CC9789FE0AF2A8CF5F5B0D /* Pods */ = {
			isa = PBXGroup;
			children = (
				AB2304C0BB5EA05164F15A0F /* Pods-lande1.debug.xcconfig */,
				A4975543FC19646F79B86019 /* Pods-lande1.release.xcconfig */,
			);
			path = Pods;
			sourceTree = "<group>";
		};
		C112E37123B577C4004D8724 = {
			isa = PBXGroup;
			children = (
				C112E37C23B577C4004D8724 /* lande1 */,
				C112E37B23B577C4004D8724 /* Products */,
				ED1FF4A723B6F815001B3AF0 /* Frameworks */,
				23CC9789FE0AF2A8CF5F5B0D /* Pods */,
			);
			sourceTree = "<group>";
		};
		C112E37B23B577C4004D8724 /* Products */ = {
			isa = PBXGroup;
			children = (
				C112E37A23B577C4004D8724 /* lande1.app */,
			);
			name = Products;
			sourceTree = "<group>";
		};
		C112E37C23B577C4004D8724 /* lande1 */ = {
			isa = PBXGroup;
			children = (
				ED1FF4A623B6F7FC001B3AF0 /* lande1.entitlements */,
				C112E37D23B577C4004D8724 /* AppDelegate.swift */,
				C112E37F23B577C4004D8724 /* SceneDelegate.swift */,
				C112E38123B577C4004D8724 /* BillAmountViewController.swift */,
				C1E6158523B6B89400B58CA4 /* AddContactsBillViewController.swift */,
				ED1FF49A23B6B4E2001B3AF0 /* BillContactsViewController.swift */,
				ED1FF49C23B6B54C001B3AF0 /* ContactsViewController.swift */,
				ED1FF49E23B6B580001B3AF0 /* AddUserViewController.swift */,
				C112E38323B577C4004D8724 /* Main.storyboard */,
				C112E38923B577C6004D8724 /* Assets.xcassets */,
				C112E38B23B577C6004D8724 /* LaunchScreen.storyboard */,
				C112E38E23B577C6004D8724 /* Info.plist */,
				C112E38623B577C4004D8724 /* lande1.xcdatamodeld */,
				ED1FF4AA23B6FCA0001B3AF0 /* GoogleService-Info.plist */,
				EDA8B66723B7E1800071B291 /* Contact.swift */,
			);
			path = lande1;
			sourceTree = "<group>";
		};
		ED1FF4A723B6F815001B3AF0 /* Frameworks */ = {
			isa = PBXGroup;
			children = (
				ED1FF4A823B6F815001B3AF0 /* ExternalAccessory.framework */,
				88082BB9A18B5DAD3F42BEF2 /* Pods_lande1.framework */,
			);
			name = Frameworks;
			sourceTree = "<group>";
		};
/* End PBXGroup section */

/* Begin PBXNativeTarget section */
		C112E37923B577C4004D8724 /* lande1 */ = {
			isa = PBXNativeTarget;
			buildConfigurationList = C112E39123B577C6004D8724 /* Build configuration list for PBXNativeTarget "lande1" */;
			buildPhases = (
				98053CB531526E72F6D37E95 /* [CP] Check Pods Manifest.lock */,
				C112E37623B577C4004D8724 /* Sources */,
				C112E37723B577C4004D8724 /* Frameworks */,
				C112E37823B577C4004D8724 /* Resources */,
				80D3135975413420A5C4AD3B /* [CP] Embed Pods Frameworks */,
			);
			buildRules = (
			);
			dependencies = (
			);
			name = lande1;
			productName = lande1;
			productReference = C112E37A23B577C4004D8724 /* lande1.app */;
			productType = "com.apple.product-type.application";
		};
/* End PBXNativeTarget section */

/* Begin PBXProject section */
		C112E37223B577C4004D8724 /* Project object */ = {
			isa = PBXProject;
			attributes = {
				LastSwiftUpdateCheck = 1120;
				LastUpgradeCheck = 1120;
				ORGANIZATIONNAME = "Lisa Kinoshita";
				TargetAttributes = {
					C112E37923B577C4004D8724 = {
						CreatedOnToolsVersion = 11.2.1;
					};
				};
			};
			buildConfigurationList = C112E37523B577C4004D8724 /* Build configuration list for PBXProject "lande1" */;
			compatibilityVersion = "Xcode 9.3";
			developmentRegion = en;
			hasScannedForEncodings = 0;
			knownRegions = (
				en,
				Base,
			);
			mainGroup = C112E37123B577C4004D8724;
			productRefGroup = C112E37B23B577C4004D8724 /* Products */;
			projectDirPath = "";
			projectRoot = "";
			targets = (
				C112E37923B577C4004D8724 /* lande1 */,
			);
		};
/* End PBXProject section */

/* Begin PBXResourcesBuildPhase section */
		C112E37823B577C4004D8724 /* Resources */ = {
			isa = PBXResourcesBuildPhase;
			buildActionMask = 2147483647;
			files = (
				C112E38D23B577C6004D8724 /* LaunchScreen.storyboard in Resources */,
				ED1FF4AB23B6FCA0001B3AF0 /* GoogleService-Info.plist in Resources */,
				C112E38A23B577C6004D8724 /* Assets.xcassets in Resources */,
				C112E38523B577C4004D8724 /* Main.storyboard in Resources */,
			);
			runOnlyForDeploymentPostprocessing = 0;
		};
/* End PBXResourcesBuildPhase section */

/* Begin PBXShellScriptBuildPhase section */
		80D3135975413420A5C4AD3B /* [CP] Embed Pods Frameworks */ = {
			isa = PBXShellScriptBuildPhase;
			buildActionMask = 2147483647;
			files = (
			);
			inputFileListPaths = (
				"${PODS_ROOT}/Target Support Files/Pods-lande1/Pods-lande1-frameworks-${CONFIGURATION}-input-files.xcfilelist",
			);
			name = "[CP] Embed Pods Frameworks";
			outputFileListPaths = (
				"${PODS_ROOT}/Target Support Files/Pods-lande1/Pods-lande1-frameworks-${CONFIGURATION}-output-files.xcfilelist",
			);
			runOnlyForDeploymentPostprocessing = 0;
			shellPath = /bin/sh;
			shellScript = "\"${PODS_ROOT}/Target Support Files/Pods-lande1/Pods-lande1-frameworks.sh\"\n";
			showEnvVarsInLog = 0;
		};
		98053CB531526E72F6D37E95 /* [CP] Check Pods Manifest.lock */ = {
			isa = PBXShellScriptBuildPhase;
			buildActionMask = 2147483647;
			files = (
			);
			inputFileListPaths = (
			);
			inputPaths = (
				"${PODS_PODFILE_DIR_PATH}/Podfile.lock",
				"${PODS_ROOT}/Manifest.lock",
			);
			name = "[CP] Check Pods Manifest.lock";
			outputFileListPaths = (
			);
			outputPaths = (
				"$(DERIVED_FILE_DIR)/Pods-lande1-checkManifestLockResult.txt",
			);
			runOnlyForDeploymentPostprocessing = 0;
			shellPath = /bin/sh;
			shellScript = "diff \"${PODS_PODFILE_DIR_PATH}/Podfile.lock\" \"${PODS_ROOT}/Manifest.lock\" > /dev/null\nif [ $? != 0 ] ; then\n    # print error to STDERR\n    echo \"error: The sandbox is not in sync with the Podfile.lock. Run 'pod install' or update your CocoaPods installation.\" >&2\n    exit 1\nfi\n# This output is used by Xcode 'outputs' to avoid re-running this script phase.\necho \"SUCCESS\" > \"${SCRIPT_OUTPUT_FILE_0}\"\n";
			showEnvVarsInLog = 0;
		};
/* End PBXShellScriptBuildPhase section */

/* Begin PBXSourcesBuildPhase section */
		C112E37623B577C4004D8724 /* Sources */ = {
			isa = PBXSourcesBuildPhase;
			buildActionMask = 2147483647;
			files = (
				EDA8B66823B7E1800071B291 /* Contact.swift in Sources */,
				C1E6158623B6B89400B58CA4 /* AddContactsBillViewController.swift in Sources */,
				C112E38823B577C4004D8724 /* lande1.xcdatamodeld in Sources */,
				C112E38223B577C4004D8724 /* BillAmountViewController.swift in Sources */,
				ED1FF49F23B6B580001B3AF0 /* AddUserViewController.swift in Sources */,
				ED1FF49B23B6B4E2001B3AF0 /* BillContactsViewController.swift in Sources */,
				C112E37E23B577C4004D8724 /* AppDelegate.swift in Sources */,
				C112E38023B577C4004D8724 /* SceneDelegate.swift in Sources */,
				ED1FF49D23B6B54C001B3AF0 /* ContactsViewController.swift in Sources */,
			);
			runOnlyForDeploymentPostprocessing = 0;
		};
/* End PBXSourcesBuildPhase section */

/* Begin PBXVariantGroup section */
		C112E38323B577C4004D8724 /* Main.storyboard */ = {
			isa = PBXVariantGroup;
			children = (
				C112E38423B577C4004D8724 /* Base */,
			);
			name = Main.storyboard;
			sourceTree = "<group>";
		};
		C112E38B23B577C6004D8724 /* LaunchScreen.storyboard */ = {
			isa = PBXVariantGroup;
			children = (
				C112E38C23B577C6004D8724 /* Base */,
			);
			name = LaunchScreen.storyboard;
			sourceTree = "<group>";
		};
/* End PBXVariantGroup section */

/* Begin XCBuildConfiguration section */
		C112E38F23B577C6004D8724 /* Debug */ = {
			isa = XCBuildConfiguration;
			buildSettings = {
				ALWAYS_SEARCH_USER_PATHS = NO;
				CLANG_ANALYZER_NONNULL = YES;
				CLANG_ANALYZER_NUMBER_OBJECT_CONVERSION = YES_AGGRESSIVE;
				CLANG_CXX_LANGUAGE_STANDARD = "gnu++14";
				CLANG_CXX_LIBRARY = "libc++";
				CLANG_ENABLE_MODULES = YES;
				CLANG_ENABLE_OBJC_ARC = YES;
				CLANG_ENABLE_OBJC_WEAK = YES;
				CLANG_WARN_BLOCK_CAPTURE_AUTORELEASING = YES;
				CLANG_WARN_BOOL_CONVERSION = YES;
				CLANG_WARN_COMMA = YES;
				CLANG_WARN_CONSTANT_CONVERSION = YES;
				CLANG_WARN_DEPRECATED_OBJC_IMPLEMENTATIONS = YES;
				CLANG_WARN_DIRECT_OBJC_ISA_USAGE = YES_ERROR;
				CLANG_WARN_DOCUMENTATION_COMMENTS = YES;
				CLANG_WARN_EMPTY_BODY = YES;
				CLANG_WARN_ENUM_CONVERSION = YES;
				CLANG_WARN_INFINITE_RECURSION = YES;
				CLANG_WARN_INT_CONVERSION = YES;
				CLANG_WARN_NON_LITERAL_NULL_CONVERSION = YES;
				CLANG_WARN_OBJC_IMPLICIT_RETAIN_SELF = YES;
				CLANG_WARN_OBJC_LITERAL_CONVERSION = YES;
				CLANG_WARN_OBJC_ROOT_CLASS = YES_ERROR;
				CLANG_WARN_RANGE_LOOP_ANALYSIS = YES;
				CLANG_WARN_STRICT_PROTOTYPES = YES;
				CLANG_WARN_SUSPICIOUS_MOVE = YES;
				CLANG_WARN_UNGUARDED_AVAILABILITY = YES_AGGRESSIVE;
				CLANG_WARN_UNREACHABLE_CODE = YES;
				CLANG_WARN__DUPLICATE_METHOD_MATCH = YES;
				COPY_PHASE_STRIP = NO;
				DEBUG_INFORMATION_FORMAT = dwarf;
				ENABLE_STRICT_OBJC_MSGSEND = YES;
				ENABLE_TESTABILITY = YES;
				GCC_C_LANGUAGE_STANDARD = gnu11;
				GCC_DYNAMIC_NO_PIC = NO;
				GCC_NO_COMMON_BLOCKS = YES;
				GCC_OPTIMIZATION_LEVEL = 0;
				GCC_PREPROCESSOR_DEFINITIONS = (
					"DEBUG=1",
					"$(inherited)",
				);
				GCC_WARN_64_TO_32_BIT_CONVERSION = YES;
				GCC_WARN_ABOUT_RETURN_TYPE = YES_ERROR;
				GCC_WARN_UNDECLARED_SELECTOR = YES;
				GCC_WARN_UNINITIALIZED_AUTOS = YES_AGGRESSIVE;
				GCC_WARN_UNUSED_FUNCTION = YES;
				GCC_WARN_UNUSED_VARIABLE = YES;
				IPHONEOS_DEPLOYMENT_TARGET = 13.2;
				MTL_ENABLE_DEBUG_INFO = INCLUDE_SOURCE;
				MTL_FAST_MATH = YES;
				ONLY_ACTIVE_ARCH = YES;
				SDKROOT = iphoneos;
				SWIFT_ACTIVE_COMPILATION_CONDITIONS = DEBUG;
				SWIFT_OPTIMIZATION_LEVEL = "-Onone";
			};
			name = Debug;
		};
		C112E39023B577C6004D8724 /* Release */ = {
			isa = XCBuildConfiguration;
			buildSettings = {
				ALWAYS_SEARCH_USER_PATHS = NO;
				CLANG_ANALYZER_NONNULL = YES;
				CLANG_ANALYZER_NUMBER_OBJECT_CONVERSION = YES_AGGRESSIVE;
				CLANG_CXX_LANGUAGE_STANDARD = "gnu++14";
				CLANG_CXX_LIBRARY = "libc++";
				CLANG_ENABLE_MODULES = YES;
				CLANG_ENABLE_OBJC_ARC = YES;
				CLANG_ENABLE_OBJC_WEAK = YES;
				CLANG_WARN_BLOCK_CAPTURE_AUTORELEASING = YES;
				CLANG_WARN_BOOL_CONVERSION = YES;
				CLANG_WARN_COMMA = YES;
				CLANG_WARN_CONSTANT_CONVERSION = YES;
				CLANG_WARN_DEPRECATED_OBJC_IMPLEMENTATIONS = YES;
				CLANG_WARN_DIRECT_OBJC_ISA_USAGE = YES_ERROR;
				CLANG_WARN_DOCUMENTATION_COMMENTS = YES;
				CLANG_WARN_EMPTY_BODY = YES;
				CLANG_WARN_ENUM_CONVERSION = YES;
				CLANG_WARN_INFINITE_RECURSION = YES;
				CLANG_WARN_INT_CONVERSION = YES;
				CLANG_WARN_NON_LITERAL_NULL_CONVERSION = YES;
				CLANG_WARN_OBJC_IMPLICIT_RETAIN_SELF = YES;
				CLANG_WARN_OBJC_LITERAL_CONVERSION = YES;
				CLANG_WARN_OBJC_ROOT_CLASS = YES_ERROR;
				CLANG_WARN_RANGE_LOOP_ANALYSIS = YES;
				CLANG_WARN_STRICT_PROTOTYPES = YES;
				CLANG_WARN_SUSPICIOUS_MOVE = YES;
				CLANG_WARN_UNGUARDED_AVAILABILITY = YES_AGGRESSIVE;
				CLANG_WARN_UNREACHABLE_CODE = YES;
				CLANG_WARN__DUPLICATE_METHOD_MATCH = YES;
				COPY_PHASE_STRIP = NO;
				DEBUG_INFORMATION_FORMAT = "dwarf-with-dsym";
				ENABLE_NS_ASSERTIONS = NO;
				ENABLE_STRICT_OBJC_MSGSEND = YES;
				GCC_C_LANGUAGE_STANDARD = gnu11;
				GCC_NO_COMMON_BLOCKS = YES;
				GCC_WARN_64_TO_32_BIT_CONVERSION = YES;
				GCC_WARN_ABOUT_RETURN_TYPE = YES_ERROR;
				GCC_WARN_UNDECLARED_SELECTOR = YES;
				GCC_WARN_UNINITIALIZED_AUTOS = YES_AGGRESSIVE;
				GCC_WARN_UNUSED_FUNCTION = YES;
				GCC_WARN_UNUSED_VARIABLE = YES;
				IPHONEOS_DEPLOYMENT_TARGET = 13.2;
				MTL_ENABLE_DEBUG_INFO = NO;
				MTL_FAST_MATH = YES;
				SDKROOT = iphoneos;
				SWIFT_COMPILATION_MODE = wholemodule;
				SWIFT_OPTIMIZATION_LEVEL = "-O";
				VALIDATE_PRODUCT = YES;
			};
			name = Release;
		};
		C112E39223B577C6004D8724 /* Debug */ = {
			isa = XCBuildConfiguration;
			baseConfigurationReference = AB2304C0BB5EA05164F15A0F /* Pods-lande1.debug.xcconfig */;
			buildSettings = {
				ASSETCATALOG_COMPILER_APPICON_NAME = AppIcon;
				CODE_SIGN_ENTITLEMENTS = lande1/lande1.entitlements;
				CODE_SIGN_IDENTITY = "Apple Development";
				CODE_SIGN_STYLE = Automatic;
				DEVELOPMENT_TEAM = 4829L86AZR;
				INFOPLIST_FILE = lande1/Info.plist;
				LD_RUNPATH_SEARCH_PATHS = (
					"$(inherited)",
					"@executable_path/Frameworks",
				);
				PRODUCT_BUNDLE_IDENTIFIER = lande.lande1;
				PRODUCT_NAME = "$(TARGET_NAME)";
				PROVISIONING_PROFILE_SPECIFIER = "";
				SWIFT_VERSION = 5.0;
				TARGETED_DEVICE_FAMILY = 1;
			};
			name = Debug;
		};
		C112E39323B577C6004D8724 /* Release */ = {
			isa = XCBuildConfiguration;
			baseConfigurationReference = A4975543FC19646F79B86019 /* Pods-lande1.release.xcconfig */;
			buildSettings = {
				ASSETCATALOG_COMPILER_APPICON_NAME = AppIcon;
				CODE_SIGN_ENTITLEMENTS = lande1/lande1.entitlements;
				CODE_SIGN_IDENTITY = "Apple Development";
				CODE_SIGN_STYLE = Automatic;
				DEVELOPMENT_TEAM = 4829L86AZR;
				INFOPLIST_FILE = lande1/Info.plist;
				LD_RUNPATH_SEARCH_PATHS = (
					"$(inherited)",
					"@executable_path/Frameworks",
				);
				PRODUCT_BUNDLE_IDENTIFIER = lande.lande1;
				PRODUCT_NAME = "$(TARGET_NAME)";
				PROVISIONING_PROFILE_SPECIFIER = "";
				SWIFT_VERSION = 5.0;
				TARGETED_DEVICE_FAMILY = 1;
			};
			name = Release;
		};
/* End XCBuildConfiguration section */

/* Begin XCConfigurationList section */
		C112E37523B577C4004D8724 /* Build configuration list for PBXProject "lande1" */ = {
			isa = XCConfigurationList;
			buildConfigurations = (
				C112E38F23B577C6004D8724 /* Debug */,
				C112E39023B577C6004D8724 /* Release */,
			);
			defaultConfigurationIsVisible = 0;
			defaultConfigurationName = Release;
		};
		C112E39123B577C6004D8724 /* Build configuration list for PBXNativeTarget "lande1" */ = {
			isa = XCConfigurationList;
			buildConfigurations = (
				C112E39223B577C6004D8724 /* Debug */,
				C112E39323B577C6004D8724 /* Release */,
			);
			defaultConfigurationIsVisible = 0;
			defaultConfigurationName = Release;
		};
/* End XCConfigurationList section */

/* Begin XCVersionGroup section */
		C112E38623B577C4004D8724 /* lande1.xcdatamodeld */ = {
			isa = XCVersionGroup;
			children = (
				C112E38723B577C4004D8724 /* lande1.xcdatamodel */,
			);
			currentVersion = C112E38723B577C4004D8724 /* lande1.xcdatamodel */;
			path = lande1.xcdatamodeld;
			sourceTree = "<group>";
			versionGroupType = wrapper.xcdatamodel;
		};
/* End XCVersionGroup section */
	};
	rootObject = C112E37223B577C4004D8724 /* Project object */;
}
